
Microsoft Visual Studio Solution File, Format Version 12.00
# Visual Studio Version 16
VisualStudioVersion = 16.0.30204.135
MinimumVisualStudioVersion = 10.0.40219.1
Project("{2150E333-8FDC-42A3-9474-1A3956D46DE8}") = "Solution Items", "Solution Items", "{E793AF18-4371-4EBD-96FC-195EB1798855}"
	ProjectSection(SolutionItems) = preProject
		.gitignore = .gitignore
		src\Directory.Build.props = src\Directory.Build.props
		LICENSE = LICENSE
		README.md = README.md
	EndProjectSection
EndProject
Project("{2150E333-8FDC-42A3-9474-1A3956D46DE8}") = "libs", "libs", "{61E7E11E-4558-434C-ACE8-06316A3097B3}"
	ProjectSection(SolutionItems) = preProject
		src\libs\Directory.Build.props = src\libs\Directory.Build.props
	EndProjectSection
EndProject
Project("{2150E333-8FDC-42A3-9474-1A3956D46DE8}") = "tests", "tests", "{AAA11B78-2764-4520-A97E-46AA7089A588}"
EndProject
Project("{FAE04EC0-301F-11D3-BF4B-00C04F79EFBC}") = "Replicate", "src\libs\Replicate\Replicate.csproj", "{0028BC85-0064-4CE8-A21A-C1F5E922BD59}"
EndProject
Project("{FAE04EC0-301F-11D3-BF4B-00C04F79EFBC}") = "Replicate.IntegrationTests", "src\tests\Replicate.IntegrationTests\Replicate.IntegrationTests.csproj", "{592ADBC9-C951-4AF7-A163-B6C63B970B19}"
EndProject
Project("{2150E333-8FDC-42A3-9474-1A3956D46DE8}") = "helpers", "helpers", "{4A7E933D-CAA6-4A0E-A762-BE49BE291515}"
EndProject
Project("{FAE04EC0-301F-11D3-BF4B-00C04F79EFBC}") = "FixOpenApiSpec", "src\helpers\FixOpenApiSpec\FixOpenApiSpec.csproj", "{51395B9A-1474-4263-AB97-CFBEED8BAD3F}"
EndProject
Project("{FAE04EC0-301F-11D3-BF4B-00C04F79EFBC}") = "GenerateDocs", "src\helpers\GenerateDocs\GenerateDocs.csproj", "{2E3D948F-EDC6-4B62-9ED1-0ABADABD4EAA}"
EndProject
Project("{FAE04EC0-301F-11D3-BF4B-00C04F79EFBC}") = "TrimmingHelper", "src\helpers\TrimmingHelper\TrimmingHelper.csproj", "{AF5820E5-E366-4DB2-B9D6-A7811637CE0B}"
EndProject
Project("{2150E333-8FDC-42A3-9474-1A3956D46DE8}") = "workflows", "workflows", "{6DA3F4DB-69F5-44CE-A8CE-628118EB6B9B}"
	ProjectSection(SolutionItems) = preProject
		.github\workflows\auto-merge.yml = .github\workflows\auto-merge.yml
		.github\workflows\auto-update.yml = .github\workflows\auto-update.yml
		.github\workflows\dotnet.yml = .github\workflows\dotnet.yml
		.github\workflows\mkdocs.yml = .github\workflows\mkdocs.yml
		.github\workflows\pull-request.yml = .github\workflows\pull-request.yml
		.github\workflows\comment-to-commit-using-aider.yml = .github\workflows\comment-to-commit-using-aider.yml
		.github\workflows\issue-to-pr.yml = .github\workflows\issue-to-pr.yml
	EndProjectSection
EndProject
Global
	GlobalSection(SolutionConfigurationPlatforms) = preSolution
		Debug|Any CPU = Debug|Any CPU
		Release|Any CPU = Release|Any CPU
	EndGlobalSection
	GlobalSection(ProjectConfigurationPlatforms) = postSolution
		{0028BC85-0064-4CE8-A21A-C1F5E922BD59}.Debug|Any CPU.ActiveCfg = Debug|Any CPU
		{0028BC85-0064-4CE8-A21A-C1F5E922BD59}.Debug|Any CPU.Build.0 = Debug|Any CPU
		{0028BC85-0064-4CE8-A21A-C1F5E922BD59}.Release|Any CPU.ActiveCfg = Release|Any CPU
		{0028BC85-0064-4CE8-A21A-C1F5E922BD59}.Release|Any CPU.Build.0 = Release|Any CPU
		{592ADBC9-C951-4AF7-A163-B6C63B970B19}.Debug|Any CPU.ActiveCfg = Debug|Any CPU
		{592ADBC9-C951-4AF7-A163-B6C63B970B19}.Debug|Any CPU.Build.0 = Debug|Any CPU
		{592ADBC9-C951-4AF7-A163-B6C63B970B19}.Release|Any CPU.ActiveCfg = Release|Any CPU
		{592ADBC9-C951-4AF7-A163-B6C63B970B19}.Release|Any CPU.Build.0 = Release|Any CPU
		{51395B9A-1474-4263-AB97-CFBEED8BAD3F}.Debug|Any CPU.ActiveCfg = Debug|Any CPU
		{51395B9A-1474-4263-AB97-CFBEED8BAD3F}.Debug|Any CPU.Build.0 = Debug|Any CPU
		{51395B9A-1474-4263-AB97-CFBEED8BAD3F}.Release|Any CPU.ActiveCfg = Release|Any CPU
		{51395B9A-1474-4263-AB97-CFBEED8BAD3F}.Release|Any CPU.Build.0 = Release|Any CPU
		{2E3D948F-EDC6-4B62-9ED1-0ABADABD4EAA}.Debug|Any CPU.ActiveCfg = Debug|Any CPU
		{2E3D948F-EDC6-4B62-9ED1-0ABADABD4EAA}.Debug|Any CPU.Build.0 = Debug|Any CPU
		{2E3D948F-EDC6-4B62-9ED1-0ABADABD4EAA}.Release|Any CPU.ActiveCfg = Release|Any CPU
		{2E3D948F-EDC6-4B62-9ED1-0ABADABD4EAA}.Release|Any CPU.Build.0 = Release|Any CPU
		{AF5820E5-E366-4DB2-B9D6-A7811637CE0B}.Debug|Any CPU.ActiveCfg = Debug|Any CPU
		{AF5820E5-E366-4DB2-B9D6-A7811637CE0B}.Debug|Any CPU.Build.0 = Debug|Any CPU
		{AF5820E5-E366-4DB2-B9D6-A7811637CE0B}.Release|Any CPU.ActiveCfg = Release|Any CPU
		{AF5820E5-E366-4DB2-B9D6-A7811637CE0B}.Release|Any CPU.Build.0 = Release|Any CPU
	EndGlobalSection
	GlobalSection(SolutionProperties) = preSolution
		HideSolutionNode = FALSE
	EndGlobalSection
	GlobalSection(NestedProjects) = preSolution
		{0028BC85-0064-4CE8-A21A-C1F5E922BD59} = {61E7E11E-4558-434C-ACE8-06316A3097B3}
		{592ADBC9-C951-4AF7-A163-B6C63B970B19} = {AAA11B78-2764-4520-A97E-46AA7089A588}
		{51395B9A-1474-4263-AB97-CFBEED8BAD3F} = {4A7E933D-CAA6-4A0E-A762-BE49BE291515}
		{2E3D948F-EDC6-4B62-9ED1-0ABADABD4EAA} = {4A7E933D-CAA6-4A0E-A762-BE49BE291515}
		{AF5820E5-E366-4DB2-B9D6-A7811637CE0B} = {4A7E933D-CAA6-4A0E-A762-BE49BE291515}
		{6DA3F4DB-69F5-44CE-A8CE-628118EB6B9B} = {E793AF18-4371-4EBD-96FC-195EB1798855}
	EndGlobalSection
	GlobalSection(ExtensibilityGlobals) = postSolution
		SolutionGuid = {CED9A020-DBA5-4BE6-8096-75E528648EC1}
	EndGlobalSection
EndGlobal
